Microsoft Visual Studio Solution File, Format Version 12.00
# Visual Studio Version 17
VisualStudioVersion = 17.12.35209.166
MinimumVisualStudioVersion = 10.0.40219.1
Project("{2150E333-8FDC-42A3-9474-1A3956D46DE8}") = "Demos", "Demos", "{6C51C919-B0C7-4ECE-9AAC-2B7466DD148D}"
EndProject
Project("{2150E333-8FDC-42A3-9474-1A3956D46DE8}") = "Resources", "Resources", "{2F18FA86-B446-4E6B-82B5-ED6D8D088BA2}"
EndProject
Project("{2150E333-8FDC-42A3-9474-1A3956D46DE8}") = "Clients", "Clients", "{F8D9FE8B-4833-42C0-AF41-72659225AEBA}"
EndProject
Project("{2150E333-8FDC-42A3-9474-1A3956D46DE8}") = "Server", "Server", "{50A86DE4-578F-4383-A9F5-52A3E6F922C3}"
EndProject
Project("{2150E333-8FDC-42A3-9474-1A3956D46DE8}") = "Projects", "Projects", "{C6613305-9891-41AC-B12F-BA16B24411FE}"
EndProject
Project("{2150E333-8FDC-42A3-9474-1A3956D46DE8}") = "Tests", "Tests", "{DBBC6E2A-4DE7-41EF-9B80-822390A46085}"
EndProject
Project("{2150E333-8FDC-42A3-9474-1A3956D46DE8}") = "Integration", "Integration", "{6F7955B0-0B30-436A-B940-E9623548584B}"
EndProject
Project("{2150E333-8FDC-42A3-9474-1A3956D46DE8}") = "E2E", "E2E", "{C7EC480B-6DC5-4DA7-92F3-1D4B03910CD6}"
EndProject
Project("{2150E333-8FDC-42A3-9474-1A3956D46DE8}") = "Load", "Load", "{73A28EE2-A7D3-44D3-A63B-CB8F9BD9B1AB}"
EndProject
Global
	GlobalSection(SolutionProperties) = preSolution
		HideSolutionNode = FALSE
	EndGlobalSection
	GlobalSection(NestedProjects) = preSolution
		{2F18FA86-B446-4E6B-82B5-ED6D8D088BA2} = {6C51C919-B0C7-4ECE-9AAC-2B7466DD148D}
		{F8D9FE8B-4833-42C0-AF41-72659225AEBA} = {6C51C919-B0C7-4ECE-9AAC-2B7466DD148D}
		{50A86DE4-578F-4383-A9F5-52A3E6F922C3} = {6C51C919-B0C7-4ECE-9AAC-2B7466DD148D}
		{6F7955B0-0B30-436A-B940-E9623548584B} = {DBBC6E2A-4DE7-41EF-9B80-822390A46085}
		{C7EC480B-6DC5-4DA7-92F3-1D4B03910CD6} = {DBBC6E2A-4DE7-41EF-9B80-822390A46085}
		{73A28EE2-A7D3-44D3-A63B-CB8F9BD9B1AB} = {DBBC6E2A-4DE7-41EF-9B80-822390A46085}
	EndGlobalSection
	GlobalSection(ExtensibilityGlobals) = postSolution
		SolutionGuid = {184DD2A5-AA9D-45A8-9F0B-6CE98500F628}
	EndGlobalSection
EndGlobal
